// !$*UTF8*$!
{
	archiveVersion = 1;
	classes = {
	};
	objectVersion = 50;
	objects = {

/* Begin PBXBuildFile section */
		C034175225BA0219007E53AA /* AppDelegate.swift in Sources */ = {isa = PBXBuildFile; fileRef = C034175125BA0219007E53AA /* AppDelegate.swift */; };
		C034175425BA0219007E53AA /* SceneDelegate.swift in Sources */ = {isa = PBXBuildFile; fileRef = C034175325BA0219007E53AA /* SceneDelegate.swift */; };
		C034175625BA0219007E53AA /* ContentView.swift in Sources */ = {isa = PBXBuildFile; fileRef = C034175525BA0219007E53AA /* ContentView.swift */; };
		C034175825BA021A007E53AA /* Assets.xcassets in Resources */ = {isa = PBXBuildFile; fileRef = C034175725BA021A007E53AA /* Assets.xcassets */; };
		C034175B25BA021A007E53AA /* Preview Assets.xcassets in Resources */ = {isa = PBXBuildFile; fileRef = C034175A25BA021A007E53AA /* Preview Assets.xcassets */; };
		C034175E25BA021A007E53AA /* LaunchScreen.storyboard in Resources */ = {isa = PBXBuildFile; fileRef = C034175C25BA021A007E53AA /* LaunchScreen.storyboard */; };
		C034176725BA041C007E53AA /* BarGraph.swift in Sources */ = {isa = PBXBuildFile; fileRef = C034176625BA041C007E53AA /* BarGraph.swift */; };
		C034176A25BA07B2007E53AA /* ReportModel.swift in Sources */ = {isa = PBXBuildFile; fileRef = C034176925BA07B2007E53AA /* ReportModel.swift */; };
		C034176D25BA13F6007E53AA /* Card.swift in Sources */ = {isa = PBXBuildFile; fileRef = C034176C25BA13F6007E53AA /* Card.swift */; };
		C05BEDA325BB409800CD9111 /* NewForm.swift in Sources */ = {isa = PBXBuildFile; fileRef = C05BEDA225BB409800CD9111 /* NewForm.swift */; };
		C05BEDA725BB5C1300CD9111 /* ListandForm.swift in Sources */ = {isa = PBXBuildFile; fileRef = C05BEDA625BB5C1300CD9111 /* ListandForm.swift */; };
		C05BEDAA25BB6A5D00CD9111 /* ModalPractice.swift in Sources */ = {isa = PBXBuildFile; fileRef = C05BEDA925BB6A5D00CD9111 /* ModalPractice.swift */; };
		C0D7043025C1C0B8002EA0F6 /* PracticeElements.swift in Sources */ = {isa = PBXBuildFile; fileRef = C0D7042F25C1C0B8002EA0F6 /* PracticeElements.swift */; };
		C0D7043325C1C784002EA0F6 /* SearchBar.swift in Sources */ = {isa = PBXBuildFile; fileRef = C0D7043225C1C784002EA0F6 /* SearchBar.swift */; };
		C0D9273825BCCF66000B70B4 /* FlagViewModel.swift in Sources */ = {isa = PBXBuildFile; fileRef = C0D9273725BCCF66000B70B4 /* FlagViewModel.swift */; };
		C0E72CFC25BCB58600964EDF /* FlagDetailView.swift in Sources */ = {isa = PBXBuildFile; fileRef = C0E72CFB25BCB58600964EDF /* FlagDetailView.swift */; };
/* End PBXBuildFile section */

/* Begin PBXFileReference section */
		C034174E25BA0219007E53AA /* AnimatedGraphSwiftUI.app */ = {isa = PBXFileReference; explicitFileType = wrapper.application; includeInIndex = 0; path = AnimatedGraphSwiftUI.app; sourceTree = BUILT_PRODUCTS_DIR; };
		C034175125BA0219007E53AA /* AppDelegate.swift */ = {isa = PBXFileReference; lastKnownFileType = sourcecode.swift; path = AppDelegate.swift; sourceTree = "<group>"; };
		C034175325BA0219007E53AA /* SceneDelegate.swift */ = {isa = PBXFileReference; lastKnownFileType = sourcecode.swift; path = SceneDelegate.swift; sourceTree = "<group>"; };
		C034175525BA0219007E53AA /* ContentView.swift */ = {isa = PBXFileReference; lastKnownFileType = sourcecode.swift; path = ContentView.swift; sourceTree = "<group>"; };
		C034175725BA021A007E53AA /* Assets.xcassets */ = {isa = PBXFileReference; lastKnownFileType = folder.assetcatalog; path = Assets.xcassets; sourceTree = "<group>"; };
		C034175A25BA021A007E53AA /* Preview Assets.xcassets */ = {isa = PBXFileReference; lastKnownFileType = folder.assetcatalog; path = "Preview Assets.xcassets"; sourceTree = "<group>"; };
		C034175D25BA021A007E53AA /* Base */ = {isa = PBXFileReference; lastKnownFileType = file.storyboard; name = Base; path = Base.lproj/LaunchScreen.storyboard; sourceTree = "<group>"; };
		C034175F25BA021A007E53AA /* Info.plist */ = {isa = PBXFileReference; lastKnownFileType = text.plist.xml; path = Info.plist; sourceTree = "<group>"; };
		C034176625BA041C007E53AA /* BarGraph.swift */ = {isa = PBXFileReference; lastKnownFileType = sourcecode.swift; path = BarGraph.swift; sourceTree = "<group>"; };
		C034176925BA07B2007E53AA /* ReportModel.swift */ = {isa = PBXFileReference; lastKnownFileType = sourcecode.swift; path = ReportModel.swift; sourceTree = "<group>"; };
		C034176C25BA13F6007E53AA /* Card.swift */ = {isa = PBXFileReference; lastKnownFileType = sourcecode.swift; path = Card.swift; sourceTree = "<group>"; };
		C05BEDA225BB409800CD9111 /* NewForm.swift */ = {isa = PBXFileReference; lastKnownFileType = sourcecode.swift; path = NewForm.swift; sourceTree = "<group>"; };
		C05BEDA625BB5C1300CD9111 /* ListandForm.swift */ = {isa = PBXFileReference; lastKnownFileType = sourcecode.swift; path = ListandForm.swift; sourceTree = "<group>"; };
		C05BEDA925BB6A5D00CD9111 /* ModalPractice.swift */ = {isa = PBXFileReference; lastKnownFileType = sourcecode.swift; path = ModalPractice.swift; sourceTree = "<group>"; };
		C0D7042F25C1C0B8002EA0F6 /* PracticeElements.swift */ = {isa = PBXFileReference; lastKnownFileType = sourcecode.swift; path = PracticeElements.swift; sourceTree = "<group>"; };
		C0D7043225C1C784002EA0F6 /* SearchBar.swift */ = {isa = PBXFileReference; lastKnownFileType = sourcecode.swift; path = SearchBar.swift; sourceTree = "<group>"; };
		C0D9273725BCCF66000B70B4 /* FlagViewModel.swift */ = {isa = PBXFileReference; lastKnownFileType = sourcecode.swift; path = FlagViewModel.swift; sourceTree = "<group>"; };
		C0E72CFB25BCB58600964EDF /* FlagDetailView.swift */ = {isa = PBXFileReference; lastKnownFileType = sourcecode.swift; path = FlagDetailView.swift; sourceTree = "<group>"; };
/* End PBXFileReference section */

/* Begin PBXFrameworksBuildPhase section */
		C034174B25BA0219007E53AA /* Frameworks */ = {
			isa = PBXFrameworksBuildPhase;
			buildActionMask = 2147483647;
			files = (
			);
			runOnlyForDeploymentPostprocessing = 0;
		};
/* End PBXFrameworksBuildPhase section */

/* Begin PBXGroup section */
		C034174525BA0219007E53AA = {
			isa = PBXGroup;
			children = (
				C034175025BA0219007E53AA /* AnimatedGraphSwiftUI */,
				C034174F25BA0219007E53AA /* Products */,
			);
			sourceTree = "<group>";
		};
		C034174F25BA0219007E53AA /* Products */ = {
			isa = PBXGroup;
			children = (
				C034174E25BA0219007E53AA /* AnimatedGraphSwiftUI.app */,
			);
			name = Products;
			sourceTree = "<group>";
		};
		C034175025BA0219007E53AA /* AnimatedGraphSwiftUI */ = {
			isa = PBXGroup;
			children = (
				C034175125BA0219007E53AA /* AppDelegate.swift */,
				C034175325BA0219007E53AA /* SceneDelegate.swift */,
				C034176925BA07B2007E53AA /* ReportModel.swift */,
				C0E72CFB25BCB58600964EDF /* FlagDetailView.swift */,
				C0D7043225C1C784002EA0F6 /* SearchBar.swift */,
				C034176625BA041C007E53AA /* BarGraph.swift */,
				C0D9273725BCCF66000B70B4 /* FlagViewModel.swift */,
				C0D7042F25C1C0B8002EA0F6 /* PracticeElements.swift */,
				C05BEDA625BB5C1300CD9111 /* ListandForm.swift */,
				C05BEDA225BB409800CD9111 /* NewForm.swift */,
				C05BEDA925BB6A5D00CD9111 /* ModalPractice.swift */,
				C034176C25BA13F6007E53AA /* Card.swift */,
				C034175525BA0219007E53AA /* ContentView.swift */,
				C034175725BA021A007E53AA /* Assets.xcassets */,
				C034175C25BA021A007E53AA /* LaunchScreen.storyboard */,
				C034175F25BA021A007E53AA /* Info.plist */,
				C034175925BA021A007E53AA /* Preview Content */,
			);
			path = AnimatedGraphSwiftUI;
			sourceTree = "<group>";
		};
		C034175925BA021A007E53AA /* Preview Content */ = {
			isa = PBXGroup;
			children = (
				C034175A25BA021A007E53AA /* Preview Assets.xcassets */,
			);
			path = "Preview Content";
			sourceTree = "<group>";
		};
/* End PBXGroup section */

/* Begin PBXNativeTarget section */
		C034174D25BA0219007E53AA /* AnimatedGraphSwiftUI */ = {
			isa = PBXNativeTarget;
			buildConfigurationList = C034176225BA021A007E53AA /* Build configuration list for PBXNativeTarget "AnimatedGraphSwiftUI" */;
			buildPhases = (
				C034174A25BA0219007E53AA /* Sources */,
				C034174B25BA0219007E53AA /* Frameworks */,
				C034174C25BA0219007E53AA /* Resources */,
			);
			buildRules = (
			);
			dependencies = (
			);
			name = AnimatedGraphSwiftUI;
			productName = AnimatedGraphSwiftUI;
			productReference = C034174E25BA0219007E53AA /* AnimatedGraphSwiftUI.app */;
			productType = "com.apple.product-type.application";
		};
/* End PBXNativeTarget section */

/* Begin PBXProject section */
		C034174625BA0219007E53AA /* Project object */ = {
			isa = PBXProject;
			attributes = {
				LastSwiftUpdateCheck = 1230;
				LastUpgradeCheck = 1230;
				TargetAttributes = {
					C034174D25BA0219007E53AA = {
						CreatedOnToolsVersion = 12.3;
					};
				};
			};
			buildConfigurationList = C034174925BA0219007E53AA /* Build configuration list for PBXProject "AnimatedGraphSwiftUI" */;
			compatibilityVersion = "Xcode 9.3";
			developmentRegion = en;
			hasScannedForEncodings = 0;
			knownRegions = (
				en,
				Base,
			);
			mainGroup = C034174525BA0219007E53AA;
			productRefGroup = C034174F25BA0219007E53AA /* Products */;
			projectDirPath = "";
			projectRoot = "";
			targets = (
				C034174D25BA0219007E53AA /* AnimatedGraphSwiftUI */,
			);
		};
/* End PBXProject section */

/* Begin PBXResourcesBuildPhase section */
		C034174C25BA0219007E53AA /* Resources */ = {
			isa = PBXResourcesBuildPhase;
			buildActionMask = 2147483647;
			files = (
				C034175E25BA021A007E53AA /* LaunchScreen.storyboard in Resources */,
				C034175B25BA021A007E53AA /* Preview Assets.xcassets in Resources */,
				C034175825BA021A007E53AA /* Assets.xcassets in Resources */,
			);
			runOnlyForDeploymentPostprocessing = 0;
		};
/* End PBXResourcesBuildPhase section */

/* Begin PBXSourcesBuildPhase section */
		C034174A25BA0219007E53AA /* Sources */ = {
			isa = PBXSourcesBuildPhase;
			buildActionMask = 2147483647;
			files = (
				C0D7043325C1C784002EA0F6 /* SearchBar.swift in Sources */,
				C034176725BA041C007E53AA /* BarGraph.swift in Sources */,
				C034176D25BA13F6007E53AA /* Card.swift in Sources */,
				C034175225BA0219007E53AA /* AppDelegate.swift in Sources */,
				C0D9273825BCCF66000B70B4 /* FlagViewModel.swift in Sources */,
				C034176A25BA07B2007E53AA /* ReportModel.swift in Sources */,
				C05BEDAA25BB6A5D00CD9111 /* ModalPractice.swift in Sources */,
				C034175425BA0219007E53AA /* SceneDelegate.swift in Sources */,
				C05BEDA325BB409800CD9111 /* NewForm.swift in Sources */,
				C034175625BA0219007E53AA /* ContentView.swift in Sources */,
				C0D7043025C1C0B8002EA0F6 /* PracticeElements.swift in Sources */,
				C05BEDA725BB5C1300CD9111 /* ListandForm.swift in Sources */,
				C0E72CFC25BCB58600964EDF /* FlagDetailView.swift in Sources */,
			);
			runOnlyForDeploymentPostprocessing = 0;
		};
/* End PBXSourcesBuildPhase section */

/* Begin PBXVariantGroup section */
		C034175C25BA021A007E53AA /* LaunchScreen.storyboard */ = {
			isa = PBXVariantGroup;
			children = (
				C034175D25BA021A007E53AA /* Base */,
			);
			name = LaunchScreen.storyboard;
			sourceTree = "<group>";
		};
/* End PBXVariantGroup section */

/* Begin XCBuildConfiguration section */
		C034176025BA021A007E53AA /* Debug */ = {
			isa = XCBuildConfiguration;
			buildSettings = {
				ALWAYS_SEARCH_USER_PATHS = NO;
				CLANG_ANALYZER_NONNULL = YES;
				CLANG_ANALYZER_NUMBER_OBJECT_CONVERSION = YES_AGGRESSIVE;
				CLANG_CXX_LANGUAGE_STANDARD = "gnu++14";
				CLANG_CXX_LIBRARY = "libc++";
				CLANG_ENABLE_MODULES = YES;
				CLANG_ENABLE_OBJC_ARC = YES;
				CLANG_ENABLE_OBJC_WEAK = YES;
				CLANG_WARN_BLOCK_CAPTURE_AUTORELEASING = YES;
				CLANG_WARN_BOOL_CONVERSION = YES;
				CLANG_WARN_COMMA = YES;
				CLANG_WARN_CONSTANT_CONVERSION = YES;
				CLANG_WARN_DEPRECATED_OBJC_IMPLEMENTATIONS = YES;
				CLANG_WARN_DIRECT_OBJC_ISA_USAGE = YES_ERROR;
				CLANG_WARN_DOCUMENTATION_COMMENTS = YES;
				CLANG_WARN_EMPTY_BODY = YES;
				CLANG_WARN_ENUM_CONVERSION = YES;
				CLANG_WARN_INFINITE_RECURSION = YES;
				CLANG_WARN_INT_CONVERSION = YES;
				CLANG_WARN_NON_LITERAL_NULL_CONVERSION = YES;
				CLANG_WARN_OBJC_IMPLICIT_RETAIN_SELF = YES;
				CLANG_WARN_OBJC_LITERAL_CONVERSION = YES;
				CLANG_WARN_OBJC_ROOT_CLASS = YES_ERROR;
				CLANG_WARN_QUOTED_INCLUDE_IN_FRAMEWORK_HEADER = YES;
				CLANG_WARN_RANGE_LOOP_ANALYSIS = YES;
				CLANG_WARN_STRICT_PROTOTYPES = YES;
				CLANG_WARN_SUSPICIOUS_MOVE = YES;
				CLANG_WARN_UNGUARDED_AVAILABILITY = YES_AGGRESSIVE;
				CLANG_WARN_UNREACHABLE_CODE = YES;
				CLANG_WARN__DUPLICATE_METHOD_MATCH = YES;
				COPY_PHASE_STRIP = NO;
				DEBUG_INFORMATION_FORMAT = dwarf;
				ENABLE_STRICT_OBJC_MSGSEND = YES;
				ENABLE_TESTABILITY = YES;
				GCC_C_LANGUAGE_STANDARD = gnu11;
				GCC_DYNAMIC_NO_PIC = NO;
				GCC_NO_COMMON_BLOCKS = YES;
				GCC_OPTIMIZATION_LEVEL = 0;
				GCC_PREPROCESSOR_DEFINITIONS = (
					"DEBUG=1",
					"$(inherited)",
				);
				GCC_WARN_64_TO_32_BIT_CONVERSION = YES;
				GCC_WARN_ABOUT_RETURN_TYPE = YES_ERROR;
				GCC_WARN_UNDECLARED_SELECTOR = YES;
				GCC_WARN_UNINITIALIZED_AUTOS = YES_AGGRESSIVE;
				GCC_WARN_UNUSED_FUNCTION = YES;
				GCC_WARN_UNUSED_VARIABLE = YES;
				IPHONEOS_DEPLOYMENT_TARGET = 14.3;
				MTL_ENABLE_DEBUG_INFO = INCLUDE_SOURCE;
				MTL_FAST_MATH = YES;
				ONLY_ACTIVE_ARCH = YES;
				SDKROOT = iphoneos;
				SWIFT_ACTIVE_COMPILATION_CONDITIONS = DEBUG;
				SWIFT_OPTIMIZATION_LEVEL = "-Onone";
			};
			name = Debug;
		};
		C034176125BA021A007E53AA /* Release */ = {
			isa = XCBuildConfiguration;
			buildSettings = {
				ALWAYS_SEARCH_USER_PATHS = NO;
				CLANG_ANALYZER_NONNULL = YES;
				CLANG_ANALYZER_NUMBER_OBJECT_CONVERSION = YES_AGGRESSIVE;
				CLANG_CXX_LANGUAGE_STANDARD = "gnu++14";
				CLANG_CXX_LIBRARY = "libc++";
				CLANG_ENABLE_MODULES = YES;
				CLANG_ENABLE_OBJC_ARC = YES;
				CLANG_ENABLE_OBJC_WEAK = YES;
				CLANG_WARN_BLOCK_CAPTURE_AUTORELEASING = YES;
				CLANG_WARN_BOOL_CONVERSION = YES;
				CLANG_WARN_COMMA = YES;
				CLANG_WARN_CONSTANT_CONVERSION = YES;
				CLANG_WARN_DEPRECATED_OBJC_IMPLEMENTATIONS = YES;
				CLANG_WARN_DIRECT_OBJC_ISA_USAGE = YES_ERROR;
				CLANG_WARN_DOCUMENTATION_COMMENTS = YES;
				CLANG_WARN_EMPTY_BODY = YES;
				CLANG_WARN_ENUM_CONVERSION = YES;
				CLANG_WARN_INFINITE_RECURSION = YES;
				CLANG_WARN_INT_CONVERSION = YES;
				CLANG_WARN_NON_LITERAL_NULL_CONVERSION = YES;
				CLANG_WARN_OBJC_IMPLICIT_RETAIN_SELF = YES;
				CLANG_WARN_OBJC_LITERAL_CONVERSION = YES;
				CLANG_WARN_OBJC_ROOT_CLASS = YES_ERROR;
				CLANG_WARN_QUOTED_INCLUDE_IN_FRAMEWORK_HEADER = YES;
				CLANG_WARN_RANGE_LOOP_ANALYSIS = YES;
				CLANG_WARN_STRICT_PROTOTYPES = YES;
				CLANG_WARN_SUSPICIOUS_MOVE = YES;
				CLANG_WARN_UNGUARDED_AVAILABILITY = YES_AGGRESSIVE;
				CLANG_WARN_UNREACHABLE_CODE = YES;
				CLANG_WARN__DUPLICATE_METHOD_MATCH = YES;
				COPY_PHASE_STRIP = NO;
				DEBUG_INFORMATION_FORMAT = "dwarf-with-dsym";
				ENABLE_NS_ASSERTIONS = NO;
				ENABLE_STRICT_OBJC_MSGSEND = YES;
				GCC_C_LANGUAGE_STANDARD = gnu11;
				GCC_NO_COMMON_BLOCKS = YES;
				GCC_WARN_64_TO_32_BIT_CONVERSION = YES;
				GCC_WARN_ABOUT_RETURN_TYPE = YES_ERROR;
				GCC_WARN_UNDECLARED_SELECTOR = YES;
				GCC_WARN_UNINITIALIZED_AUTOS = YES_AGGRESSIVE;
				GCC_WARN_UNUSED_FUNCTION = YES;
				GCC_WARN_UNUSED_VARIABLE = YES;
				IPHONEOS_DEPLOYMENT_TARGET = 14.3;
				MTL_ENABLE_DEBUG_INFO = NO;
				MTL_FAST_MATH = YES;
				SDKROOT = iphoneos;
				SWIFT_COMPILATION_MODE = wholemodule;
				SWIFT_OPTIMIZATION_LEVEL = "-O";
				VALIDATE_PRODUCT = YES;
			};
			name = Release;
		};
		C034176325BA021A007E53AA /* Debug */ = {
			isa = XCBuildConfiguration;
			buildSettings = {
				ASSETCATALOG_COMPILER_APPICON_NAME = AppIcon;
				ASSETCATALOG_COMPILER_GLOBAL_ACCENT_COLOR_NAME = AccentColor;
				CODE_SIGN_STYLE = Automatic;
				DEVELOPMENT_ASSET_PATHS = "\"AnimatedGraphSwiftUI/Preview Content\"";
				DEVELOPMENT_TEAM = WRC4QXXN5V;
				ENABLE_PREVIEWS = YES;
				INFOPLIST_FILE = AnimatedGraphSwiftUI/Info.plist;
				LD_RUNPATH_SEARCH_PATHS = (
					"$(inherited)",
					"@executable_path/Frameworks",
				);
				PRODUCT_BUNDLE_IDENTIFIER = Marie.Kallop.AnimatedGraphSwiftUI;
				PRODUCT_NAME = "$(TARGET_NAME)";
				SWIFT_VERSION = 5.0;
				TARGETED_DEVICE_FAMILY = "1,2";
			};
			name = Debug;
		};
		C034176425BA021A007E53AA /* Release */ = {
			isa = XCBuildConfiguration;
			buildSettings = {
				ASSETCATALOG_COMPILER_APPICON_NAME = AppIcon;
				ASSETCATALOG_COMPILER_GLOBAL_ACCENT_COLOR_NAME = AccentColor;
				CODE_SIGN_STYLE = Automatic;
				DEVELOPMENT_ASSET_PATHS = "\"AnimatedGraphSwiftUI/Preview Content\"";
				DEVELOPMENT_TEAM = WRC4QXXN5V;
				ENABLE_PREVIEWS = YES;
				INFOPLIST_FILE = AnimatedGraphSwiftUI/Info.plist;
				LD_RUNPATH_SEARCH_PATHS = (
					"$(inherited)",
					"@executable_path/Frameworks",
				);
				PRODUCT_BUNDLE_IDENTIFIER = Marie.Kallop.AnimatedGraphSwiftUI;
				PRODUCT_NAME = "$(TARGET_NAME)";
				SWIFT_VERSION = 5.0;
				TARGETED_DEVICE_FAMILY = "1,2";
			};
			name = Release;
		};
/* End XCBuildConfiguration section */

/* Begin XCConfigurationList section */
		C034174925BA0219007E53AA /* Build configuration list for PBXProject "AnimatedGraphSwiftUI" */ = {
			isa = XCConfigurationList;
			buildConfigurations = (
				C034176025BA021A007E53AA /* Debug */,
				C034176125BA021A007E53AA /* Release */,
			);
			defaultConfigurationIsVisible = 0;
			defaultConfigurationName = Release;
		};
		C034176225BA021A007E53AA /* Build configuration list for PBXNativeTarget "AnimatedGraphSwiftUI" */ = {
			isa = XCConfigurationList;
			buildConfigurations = (
				C034176325BA021A007E53AA /* Debug */,
				C034176425BA021A007E53AA /* Release */,
			);
			defaultConfigurationIsVisible = 0;
			defaultConfigurationName = Release;
		};
/* End XCConfigurationList section */
	};
	rootObject = C034174625BA0219007E53AA /* Project object */;
}
